
Microsoft Visual Studio Solution File, Format Version 12.00
# Visual Studio Version 17
VisualStudioVersion = 17.0.31903.59
MinimumVisualStudioVersion = 10.0.40219.1
Project("{FAE04EC0-301F-11D3-BF4B-00C04F79EFBC}") = "ToDoBackend.API", "ToDoBackend.API\ToDoBackend.API.csproj", "{DD552C50-9888-42CD-B87F-A8F1B02C1E18}"
EndProject
Project("{FAE04EC0-301F-11D3-BF4B-00C04F79EFBC}") = "ToDoBackend.Core", "ToDoBackend.Core\ToDoBackend.Core.csproj", "{2D80DFE5-F998-4B52-AEC4-D353CF997166}"
EndProject
Project("{FAE04EC0-301F-11D3-BF4B-00C04F79EFBC}") = "ToDoBackend.Infrastructure", "ToDoBackend.Infrastructure\ToDoBackend.Infrastructure.csproj", "{868E3E6E-A8F2-42FA-8103-DEB350C376C1}"
EndProject
Project("{FAE04EC0-301F-11D3-BF4B-00C04F79EFBC}") = "ToDoBackend.Application", "ToDoBackend.Application\ToDoBackend.Application.csproj", "{B3C20EE8-3A3A-4D7B-A9FA-03DD5E3723F9}"
EndProject
Project("{FAE04EC0-301F-11D3-BF4B-00C04F79EFBC}") = "ToDoBackend.Tests", "ToDoBackend.Tests\ToDoBackend.Tests.csproj", "{AC964AC3-CE22-403E-A4D4-493FF3DB950E}"
EndProject
Global
	GlobalSection(SolutionConfigurationPlatforms) = preSolution
		Debug|Any CPU = Debug|Any CPU
		Release|Any CPU = Release|Any CPU
	EndGlobalSection
	GlobalSection(SolutionProperties) = preSolution
		HideSolutionNode = FALSE
	EndGlobalSection
	GlobalSection(ProjectConfigurationPlatforms) = postSolution
		{DD552C50-9888-42CD-B87F-A8F1B02C1E18}.Debug|Any CPU.ActiveCfg = Debug|Any CPU
		{DD552C50-9888-42CD-B87F-A8F1B02C1E18}.Debug|Any CPU.Build.0 = Debug|Any CPU
		{DD552C50-9888-42CD-B87F-A8F1B02C1E18}.Release|Any CPU.ActiveCfg = Release|Any CPU
		{DD552C50-9888-42CD-B87F-A8F1B02C1E18}.Release|Any CPU.Build.0 = Release|Any CPU
		{2D80DFE5-F998-4B52-AEC4-D353CF997166}.Debug|Any CPU.ActiveCfg = Debug|Any CPU
		{2D80DFE5-F998-4B52-AEC4-D353CF997166}.Debug|Any CPU.Build.0 = Debug|Any CPU
		{2D80DFE5-F998-4B52-AEC4-D353CF997166}.Release|Any CPU.ActiveCfg = Release|Any CPU
		{2D80DFE5-F998-4B52-AEC4-D353CF997166}.Release|Any CPU.Build.0 = Release|Any CPU
		{868E3E6E-A8F2-42FA-8103-DEB350C376C1}.Debug|Any CPU.ActiveCfg = Debug|Any CPU
		{868E3E6E-A8F2-42FA-8103-DEB350C376C1}.Debug|Any CPU.Build.0 = Debug|Any CPU
		{868E3E6E-A8F2-42FA-8103-DEB350C376C1}.Release|Any CPU.ActiveCfg = Release|Any CPU
		{868E3E6E-A8F2-42FA-8103-DEB350C376C1}.Release|Any CPU.Build.0 = Release|Any CPU
		{B3C20EE8-3A3A-4D7B-A9FA-03DD5E3723F9}.Debug|Any CPU.ActiveCfg = Debug|Any CPU
		{B3C20EE8-3A3A-4D7B-A9FA-03DD5E3723F9}.Debug|Any CPU.Build.0 = Debug|Any CPU
		{B3C20EE8-3A3A-4D7B-A9FA-03DD5E3723F9}.Release|Any CPU.ActiveCfg = Release|Any CPU
		{B3C20EE8-3A3A-4D7B-A9FA-03DD5E3723F9}.Release|Any CPU.Build.0 = Release|Any CPU
		{AC964AC3-CE22-403E-A4D4-493FF3DB950E}.Debug|Any CPU.ActiveCfg = Debug|Any CPU
		{AC964AC3-CE22-403E-A4D4-493FF3DB950E}.Debug|Any CPU.Build.0 = Debug|Any CPU
		{AC964AC3-CE22-403E-A4D4-493FF3DB950E}.Release|Any CPU.ActiveCfg = Release|Any CPU
		{AC964AC3-CE22-403E-A4D4-493FF3DB950E}.Release|Any CPU.Build.0 = Release|Any CPU
	EndGlobalSection
EndGlobal
